
Microsoft Visual Studio Solution File, Format Version 12.00
Project("{FAE04EC0-301F-11D3-BF4B-00C04F79EFBC}") = "KanbanAPI", "KanbanAPI\KanbanAPI.csproj", "{BC586F99-0A35-46A1-9519-51BF8919C49E}"
EndProject
Global
	GlobalSection(SolutionConfigurationPlatforms) = preSolution
		Debug|Any CPU = Debug|Any CPU
		Release|Any CPU = Release|Any CPU
	EndGlobalSection
	GlobalSection(ProjectConfigurationPlatforms) = postSolution
		{BC586F99-0A35-46A1-9519-51BF8919C49E}.Debug|Any CPU.ActiveCfg = Debug|Any CPU
		{BC586F99-0A35-46A1-9519-51BF8919C49E}.Debug|Any CPU.Build.0 = Debug|Any CPU
		{BC586F99-0A35-46A1-9519-51BF8919C49E}.Release|Any CPU.ActiveCfg = Release|Any CPU
		{BC586F99-0A35-46A1-9519-51BF8919C49E}.Release|Any CPU.Build.0 = Release|Any CPU
	EndGlobalSection
EndGlobal
